
Microsoft Visual Studio Solution File, Format Version 12.00
# Visual Studio Version 16
VisualStudioVersion = 16.0.29519.87
MinimumVisualStudioVersion = 10.0.40219.1
Project("{FAE04EC0-301F-11D3-BF4B-00C04F79EFBC}") = "tablesharp", "tablesharp\tablesharp.csproj", "{B9393405-A73D-479D-B1B0-A9F2548C2DBB}"
EndProject
Project("{FAE04EC0-301F-11D3-BF4B-00C04F79EFBC}") = "itembuilder", "itembuilder\itembuilder.csproj", "{FFA2E309-2FC0-4161-8950-3EDFF4E65FDA}"
EndProject
Project("{2150E333-8FDC-42A3-9474-1A3956D46DE8}") = "Solution Items", "Solution Items", "{69A95A2A-AA03-4113-AEED-32B2F6E8FB79}"
	ProjectSection(SolutionItems) = preProject
		README.md = README.md
	EndProjectSection
EndProject
Global
	GlobalSection(SolutionConfigurationPlatforms) = preSolution
		Debug|Any CPU = Debug|Any CPU
		Release|Any CPU = Release|Any CPU
	EndGlobalSection
	GlobalSection(ProjectConfigurationPlatforms) = postSolution
		{B9393405-A73D-479D-B1B0-A9F2548C2DBB}.Debug|Any CPU.ActiveCfg = Debug|Any CPU
		{B9393405-A73D-479D-B1B0-A9F2548C2DBB}.Debug|Any CPU.Build.0 = Debug|Any CPU
		{B9393405-A73D-479D-B1B0-A9F2548C2DBB}.Release|Any CPU.ActiveCfg = Release|Any CPU
		{B9393405-A73D-479D-B1B0-A9F2548C2DBB}.Release|Any CPU.Build.0 = Release|Any CPU
		{FFA2E309-2FC0-4161-8950-3EDFF4E65FDA}.Debug|Any CPU.ActiveCfg = Debug|Any CPU
		{FFA2E309-2FC0-4161-8950-3EDFF4E65FDA}.Debug|Any CPU.Build.0 = Debug|Any CPU
		{FFA2E309-2FC0-4161-8950-3EDFF4E65FDA}.Release|Any CPU.ActiveCfg = Release|Any CPU
		{FFA2E309-2FC0-4161-8950-3EDFF4E65FDA}.Release|Any CPU.Build.0 = Release|Any CPU
	EndGlobalSection
	GlobalSection(SolutionProperties) = preSolution
		HideSolutionNode = FALSE
	EndGlobalSection
	GlobalSection(ExtensibilityGlobals) = postSolution
		SolutionGuid = {422DABB5-AAF1-468E-97BB-86DA5003F7AB}
	EndGlobalSection
EndGlobal
